
Microsoft Visual Studio Solution File, Format Version 12.00
# Visual Studio Version 16
VisualStudioVersion = 16.0.28803.202
MinimumVisualStudioVersion = 10.0.40219.1
Project("{9A19103F-16F7-4668-BE54-9A1E7A4F7556}") = "MarsRover", "MarsRover\MarsRover.csproj", "{5C49FC02-CCA1-48D6-8DC0-3F5B5A1D1C05}"
EndProject
Project("{FAE04EC0-301F-11D3-BF4B-00C04F79EFBC}") = "MarsRover.Test", "MarsRover.Test\MarsRover.Test.csproj", "{6E1DD665-1D8D-41A7-A7FD-15A0FE924B72}"
EndProject
Global
	GlobalSection(SolutionConfigurationPlatforms) = preSolution
		Debug|Any CPU = Debug|Any CPU
		Release|Any CPU = Release|Any CPU
	EndGlobalSection
	GlobalSection(ProjectConfigurationPlatforms) = postSolution
		{5C49FC02-CCA1-48D6-8DC0-3F5B5A1D1C05}.Debug|Any CPU.ActiveCfg = Debug|Any CPU
		{5C49FC02-CCA1-48D6-8DC0-3F5B5A1D1C05}.Debug|Any CPU.Build.0 = Debug|Any CPU
		{5C49FC02-CCA1-48D6-8DC0-3F5B5A1D1C05}.Release|Any CPU.ActiveCfg = Release|Any CPU
		{5C49FC02-CCA1-48D6-8DC0-3F5B5A1D1C05}.Release|Any CPU.Build.0 = Release|Any CPU
		{6E1DD665-1D8D-41A7-A7FD-15A0FE924B72}.Debug|Any CPU.ActiveCfg = Debug|Any CPU
		{6E1DD665-1D8D-41A7-A7FD-15A0FE924B72}.Debug|Any CPU.Build.0 = Debug|Any CPU
		{6E1DD665-1D8D-41A7-A7FD-15A0FE924B72}.Release|Any CPU.ActiveCfg = Release|Any CPU
		{6E1DD665-1D8D-41A7-A7FD-15A0FE924B72}.Release|Any CPU.Build.0 = Release|Any CPU
	EndGlobalSection
	GlobalSection(SolutionProperties) = preSolution
		HideSolutionNode = FALSE
	EndGlobalSection
	GlobalSection(ExtensibilityGlobals) = postSolution
		SolutionGuid = {2C655C1E-2D0D-4135-BECD-810914C90268}
	EndGlobalSection
EndGlobal
